
Microsoft Visual Studio Solution File, Format Version 12.00
# Visual Studio Version 16
VisualStudioVersion = 16.0.30804.86
MinimumVisualStudioVersion = 10.0.40219.1
Project("{FAE04EC0-301F-11D3-BF4B-00C04F79EFBC}") = "MyPlanner.Web", "MyPlanner.Web\MyPlanner.Web.csproj", "{90E14FC2-4163-4BC2-9734-D210DDC29DD9}"
EndProject
Project("{FAE04EC0-301F-11D3-BF4B-00C04F79EFBC}") = "MyPlanner.Data", "MyPlanner.Data\MyPlanner.Data.csproj", "{6A24E419-4222-41FF-8C41-44D401FCAD0F}"
EndProject
Global
	GlobalSection(SolutionConfigurationPlatforms) = preSolution
		Debug|Any CPU = Debug|Any CPU
		Release|Any CPU = Release|Any CPU
	EndGlobalSection
	GlobalSection(ProjectConfigurationPlatforms) = postSolution
		{90E14FC2-4163-4BC2-9734-D210DDC29DD9}.Debug|Any CPU.ActiveCfg = Debug|Any CPU
		{90E14FC2-4163-4BC2-9734-D210DDC29DD9}.Debug|Any CPU.Build.0 = Debug|Any CPU
		{90E14FC2-4163-4BC2-9734-D210DDC29DD9}.Release|Any CPU.ActiveCfg = Release|Any CPU
		{90E14FC2-4163-4BC2-9734-D210DDC29DD9}.Release|Any CPU.Build.0 = Release|Any CPU
		{6A24E419-4222-41FF-8C41-44D401FCAD0F}.Debug|Any CPU.ActiveCfg = Debug|Any CPU
		{6A24E419-4222-41FF-8C41-44D401FCAD0F}.Debug|Any CPU.Build.0 = Debug|Any CPU
		{6A24E419-4222-41FF-8C41-44D401FCAD0F}.Release|Any CPU.ActiveCfg = Release|Any CPU
		{6A24E419-4222-41FF-8C41-44D401FCAD0F}.Release|Any CPU.Build.0 = Release|Any CPU
	EndGlobalSection
	GlobalSection(SolutionProperties) = preSolution
		HideSolutionNode = FALSE
	EndGlobalSection
	GlobalSection(ExtensibilityGlobals) = postSolution
		SolutionGuid = {66B1425C-C5FC-4BD2-BC59-EDA7131B24F5}
	EndGlobalSection
EndGlobal
